// !$*UTF8*$!
{
	archiveVersion = 1;
	classes = {
	};
	objectVersion = 56;
	objects = {

/* Begin PBXBuildFile section */
		435FCC9F2B4EA2950086A721 /* CardViewComponents.swift in Sources */ = {isa = PBXBuildFile; fileRef = 435FCC9E2B4EA2950086A721 /* CardViewComponents.swift */; };
		435FCCA12B4EA3740086A721 /* Constants.swift in Sources */ = {isa = PBXBuildFile; fileRef = 435FCCA02B4EA3740086A721 /* Constants.swift */; };
		435FCCA32B4EA95C0086A721 /* Colors.swift in Sources */ = {isa = PBXBuildFile; fileRef = 435FCCA22B4EA95C0086A721 /* Colors.swift */; };
		435FCCA52B4EB1FD0086A721 /* Images.swift in Sources */ = {isa = PBXBuildFile; fileRef = 435FCCA42B4EB1FD0086A721 /* Images.swift */; };
		438DD8702B23098E00641CDE /* NFTMarcetplaceApp.swift in Sources */ = {isa = PBXBuildFile; fileRef = 438DD86F2B23098E00641CDE /* NFTMarcetplaceApp.swift */; };
		438DD8722B23098E00641CDE /* ContentView.swift in Sources */ = {isa = PBXBuildFile; fileRef = 438DD8712B23098E00641CDE /* ContentView.swift */; };
		438DD8742B23099000641CDE /* Assets.xcassets in Resources */ = {isa = PBXBuildFile; fileRef = 438DD8732B23099000641CDE /* Assets.xcassets */; };
		438DD8772B23099000641CDE /* Preview Assets.xcassets in Resources */ = {isa = PBXBuildFile; fileRef = 438DD8762B23099000641CDE /* Preview Assets.xcassets */; };
		438DD8812B23099100641CDE /* NFTMarcetplaceTests.swift in Sources */ = {isa = PBXBuildFile; fileRef = 438DD8802B23099100641CDE /* NFTMarcetplaceTests.swift */; };
		438DD88B2B23099100641CDE /* NFTMarcetplaceUITests.swift in Sources */ = {isa = PBXBuildFile; fileRef = 438DD88A2B23099100641CDE /* NFTMarcetplaceUITests.swift */; };
		438DD88D2B23099100641CDE /* NFTMarcetplaceUITestsLaunchTests.swift in Sources */ = {isa = PBXBuildFile; fileRef = 438DD88C2B23099100641CDE /* NFTMarcetplaceUITestsLaunchTests.swift */; };
		438DD89B2B23117700641CDE /* WelcomeView.swift in Sources */ = {isa = PBXBuildFile; fileRef = 438DD89A2B23117700641CDE /* WelcomeView.swift */; };
		439334512B51514D0005A1DD /* HomeView.swift in Sources */ = {isa = PBXBuildFile; fileRef = 439334502B51514D0005A1DD /* HomeView.swift */; };
		439334542B5152D20005A1DD /* Category.swift in Sources */ = {isa = PBXBuildFile; fileRef = 439334532B5152D20005A1DD /* Category.swift */; };
		4395980D2B51E5430059BC8E /* CategoryDetails.swift in Sources */ = {isa = PBXBuildFile; fileRef = 4395980C2B51E5430059BC8E /* CategoryDetails.swift */; };
		43ABFA812B4AD5B5009E22EE /* ButtonStyles.swift in Sources */ = {isa = PBXBuildFile; fileRef = 43ABFA802B4AD5B5009E22EE /* ButtonStyles.swift */; };
		43ABFA832B4B0CBE009E22EE /* CardView.swift in Sources */ = {isa = PBXBuildFile; fileRef = 43ABFA822B4B0CBE009E22EE /* CardView.swift */; };
		43C6858A2B559E9D007E5755 /* HorisontalGalleries.swift in Sources */ = {isa = PBXBuildFile; fileRef = 43C685892B559E9D007E5755 /* HorisontalGalleries.swift */; };
		43C6858C2B55A80A007E5755 /* TrendingItem.swift in Sources */ = {isa = PBXBuildFile; fileRef = 43C6858B2B55A80A007E5755 /* TrendingItem.swift */; };
		43CD52AC2B4EEB760073682B /* CustomModifiers.swift in Sources */ = {isa = PBXBuildFile; fileRef = 43CD52AB2B4EEB760073682B /* CustomModifiers.swift */; };
		43CD52AE2B4EF5620073682B /* Buttons.swift in Sources */ = {isa = PBXBuildFile; fileRef = 43CD52AD2B4EF5620073682B /* Buttons.swift */; };
/* End PBXBuildFile section */

/* Begin PBXContainerItemProxy section */
		438DD87D2B23099100641CDE /* PBXContainerItemProxy */ = {
			isa = PBXContainerItemProxy;
			containerPortal = 438DD8642B23098E00641CDE /* Project object */;
			proxyType = 1;
			remoteGlobalIDString = 438DD86B2B23098E00641CDE;
			remoteInfo = NFTMarcetplace;
		};
		438DD8872B23099100641CDE /* PBXContainerItemProxy */ = {
			isa = PBXContainerItemProxy;
			containerPortal = 438DD8642B23098E00641CDE /* Project object */;
			proxyType = 1;
			remoteGlobalIDString = 438DD86B2B23098E00641CDE;
			remoteInfo = NFTMarcetplace;
		};
/* End PBXContainerItemProxy section */

/* Begin PBXFileReference section */
		435FCC9E2B4EA2950086A721 /* CardViewComponents.swift */ = {isa = PBXFileReference; lastKnownFileType = sourcecode.swift; path = CardViewComponents.swift; sourceTree = "<group>"; };
		435FCCA02B4EA3740086A721 /* Constants.swift */ = {isa = PBXFileReference; lastKnownFileType = sourcecode.swift; path = Constants.swift; sourceTree = "<group>"; };
		435FCCA22B4EA95C0086A721 /* Colors.swift */ = {isa = PBXFileReference; lastKnownFileType = sourcecode.swift; path = Colors.swift; sourceTree = "<group>"; };
		435FCCA42B4EB1FD0086A721 /* Images.swift */ = {isa = PBXFileReference; lastKnownFileType = sourcecode.swift; path = Images.swift; sourceTree = "<group>"; };
		438DD86C2B23098E00641CDE /* NFTMarcetplace.app */ = {isa = PBXFileReference; explicitFileType = wrapper.application; includeInIndex = 0; path = NFTMarcetplace.app; sourceTree = BUILT_PRODUCTS_DIR; };
		438DD86F2B23098E00641CDE /* NFTMarcetplaceApp.swift */ = {isa = PBXFileReference; lastKnownFileType = sourcecode.swift; path = NFTMarcetplaceApp.swift; sourceTree = "<group>"; };
		438DD8712B23098E00641CDE /* ContentView.swift */ = {isa = PBXFileReference; lastKnownFileType = sourcecode.swift; path = ContentView.swift; sourceTree = "<group>"; };
		438DD8732B23099000641CDE /* Assets.xcassets */ = {isa = PBXFileReference; lastKnownFileType = folder.assetcatalog; path = Assets.xcassets; sourceTree = "<group>"; };
		438DD8762B23099000641CDE /* Preview Assets.xcassets */ = {isa = PBXFileReference; lastKnownFileType = folder.assetcatalog; path = "Preview Assets.xcassets"; sourceTree = "<group>"; };
		438DD87C2B23099100641CDE /* NFTMarcetplaceTests.xctest */ = {isa = PBXFileReference; explicitFileType = wrapper.cfbundle; includeInIndex = 0; path = NFTMarcetplaceTests.xctest; sourceTree = BUILT_PRODUCTS_DIR; };
		438DD8802B23099100641CDE /* NFTMarcetplaceTests.swift */ = {isa = PBXFileReference; lastKnownFileType = sourcecode.swift; path = NFTMarcetplaceTests.swift; sourceTree = "<group>"; };
		438DD8862B23099100641CDE /* NFTMarcetplaceUITests.xctest */ = {isa = PBXFileReference; explicitFileType = wrapper.cfbundle; includeInIndex = 0; path = NFTMarcetplaceUITests.xctest; sourceTree = BUILT_PRODUCTS_DIR; };
		438DD88A2B23099100641CDE /* NFTMarcetplaceUITests.swift */ = {isa = PBXFileReference; lastKnownFileType = sourcecode.swift; path = NFTMarcetplaceUITests.swift; sourceTree = "<group>"; };
		438DD88C2B23099100641CDE /* NFTMarcetplaceUITestsLaunchTests.swift */ = {isa = PBXFileReference; lastKnownFileType = sourcecode.swift; path = NFTMarcetplaceUITestsLaunchTests.swift; sourceTree = "<group>"; };
		438DD89A2B23117700641CDE /* WelcomeView.swift */ = {isa = PBXFileReference; lastKnownFileType = sourcecode.swift; path = WelcomeView.swift; sourceTree = "<group>"; };
		439334502B51514D0005A1DD /* HomeView.swift */ = {isa = PBXFileReference; lastKnownFileType = sourcecode.swift; path = HomeView.swift; sourceTree = "<group>"; };
		439334532B5152D20005A1DD /* Category.swift */ = {isa = PBXFileReference; lastKnownFileType = sourcecode.swift; path = Category.swift; sourceTree = "<group>"; };
		4395980C2B51E5430059BC8E /* CategoryDetails.swift */ = {isa = PBXFileReference; lastKnownFileType = sourcecode.swift; path = CategoryDetails.swift; sourceTree = "<group>"; };
		43ABFA802B4AD5B5009E22EE /* ButtonStyles.swift */ = {isa = PBXFileReference; lastKnownFileType = sourcecode.swift; path = ButtonStyles.swift; sourceTree = "<group>"; };
		43ABFA822B4B0CBE009E22EE /* CardView.swift */ = {isa = PBXFileReference; lastKnownFileType = sourcecode.swift; path = CardView.swift; sourceTree = "<group>"; };
		43C685892B559E9D007E5755 /* HorisontalGalleries.swift */ = {isa = PBXFileReference; lastKnownFileType = sourcecode.swift; path = HorisontalGalleries.swift; sourceTree = "<group>"; };
		43C6858B2B55A80A007E5755 /* TrendingItem.swift */ = {isa = PBXFileReference; lastKnownFileType = sourcecode.swift; path = TrendingItem.swift; sourceTree = "<group>"; };
		43CD52AB2B4EEB760073682B /* CustomModifiers.swift */ = {isa = PBXFileReference; lastKnownFileType = sourcecode.swift; path = CustomModifiers.swift; sourceTree = "<group>"; };
		43CD52AD2B4EF5620073682B /* Buttons.swift */ = {isa = PBXFileReference; lastKnownFileType = sourcecode.swift; path = Buttons.swift; sourceTree = "<group>"; };
/* End PBXFileReference section */

/* Begin PBXFrameworksBuildPhase section */
		438DD8692B23098E00641CDE /* Frameworks */ = {
			isa = PBXFrameworksBuildPhase;
			buildActionMask = 2147483647;
			files = (
			);
			runOnlyForDeploymentPostprocessing = 0;
		};
		438DD8792B23099100641CDE /* Frameworks */ = {
			isa = PBXFrameworksBuildPhase;
			buildActionMask = 2147483647;
			files = (
			);
			runOnlyForDeploymentPostprocessing = 0;
		};
		438DD8832B23099100641CDE /* Frameworks */ = {
			isa = PBXFrameworksBuildPhase;
			buildActionMask = 2147483647;
			files = (
			);
			runOnlyForDeploymentPostprocessing = 0;
		};
/* End PBXFrameworksBuildPhase section */

/* Begin PBXGroup section */
		435FCC9B2B4EA2130086A721 /* Views */ = {
			isa = PBXGroup;
			children = (
				43CD52AA2B4EEB450073682B /* CustomModifiers */,
				438DD8712B23098E00641CDE /* ContentView.swift */,
				438DD89A2B23117700641CDE /* WelcomeView.swift */,
				43ABFA822B4B0CBE009E22EE /* CardView.swift */,
				435FCC9E2B4EA2950086A721 /* CardViewComponents.swift */,
				43CD52AD2B4EF5620073682B /* Buttons.swift */,
				435FCCA62B4EB2140086A721 /* Extensions */,
				439334502B51514D0005A1DD /* HomeView.swift */,
				43C685892B559E9D007E5755 /* HorisontalGalleries.swift */,
				4395980C2B51E5430059BC8E /* CategoryDetails.swift */,
			);
			path = Views;
			sourceTree = "<group>";
		};
		435FCC9C2B4EA21E0086A721 /* App */ = {
			isa = PBXGroup;
			children = (
				438DD8732B23099000641CDE /* Assets.xcassets */,
				438DD86F2B23098E00641CDE /* NFTMarcetplaceApp.swift */,
				435FCCA02B4EA3740086A721 /* Constants.swift */,
			);
			path = App;
			sourceTree = "<group>";
		};
		435FCC9D2B4EA2320086A721 /* Styles */ = {
			isa = PBXGroup;
			children = (
				43ABFA802B4AD5B5009E22EE /* ButtonStyles.swift */,
			);
			path = Styles;
			sourceTree = "<group>";
		};
		435FCCA62B4EB2140086A721 /* Extensions */ = {
			isa = PBXGroup;
			children = (
				435FCCA22B4EA95C0086A721 /* Colors.swift */,
				435FCCA42B4EB1FD0086A721 /* Images.swift */,
			);
			path = Extensions;
			sourceTree = "<group>";
		};
		438DD8632B23098E00641CDE = {
			isa = PBXGroup;
			children = (
				438DD86E2B23098E00641CDE /* NFTMarcetplace */,
				438DD87F2B23099100641CDE /* NFTMarcetplaceTests */,
				438DD8892B23099100641CDE /* NFTMarcetplaceUITests */,
				438DD86D2B23098E00641CDE /* Products */,
			);
			sourceTree = "<group>";
		};
		438DD86D2B23098E00641CDE /* Products */ = {
			isa = PBXGroup;
			children = (
				438DD86C2B23098E00641CDE /* NFTMarcetplace.app */,
				438DD87C2B23099100641CDE /* NFTMarcetplaceTests.xctest */,
				438DD8862B23099100641CDE /* NFTMarcetplaceUITests.xctest */,
			);
			name = Products;
			sourceTree = "<group>";
		};
		438DD86E2B23098E00641CDE /* NFTMarcetplace */ = {
			isa = PBXGroup;
			children = (
				439334522B51526B0005A1DD /* Models */,
				435FCC9C2B4EA21E0086A721 /* App */,
				435FCC9B2B4EA2130086A721 /* Views */,
				438DD8752B23099000641CDE /* Preview Content */,
				435FCC9D2B4EA2320086A721 /* Styles */,
			);
			path = NFTMarcetplace;
			sourceTree = "<group>";
		};
		438DD8752B23099000641CDE /* Preview Content */ = {
			isa = PBXGroup;
			children = (
				438DD8762B23099000641CDE /* Preview Assets.xcassets */,
			);
			path = "Preview Content";
			sourceTree = "<group>";
		};
		438DD87F2B23099100641CDE /* NFTMarcetplaceTests */ = {
			isa = PBXGroup;
			children = (
				438DD8802B23099100641CDE /* NFTMarcetplaceTests.swift */,
			);
			path = NFTMarcetplaceTests;
			sourceTree = "<group>";
		};
		438DD8892B23099100641CDE /* NFTMarcetplaceUITests */ = {
			isa = PBXGroup;
			children = (
				438DD88A2B23099100641CDE /* NFTMarcetplaceUITests.swift */,
				438DD88C2B23099100641CDE /* NFTMarcetplaceUITestsLaunchTests.swift */,
			);
			path = NFTMarcetplaceUITests;
			sourceTree = "<group>";
		};
		439334522B51526B0005A1DD /* Models */ = {
			isa = PBXGroup;
			children = (
				439334532B5152D20005A1DD /* Category.swift */,
				43C6858B2B55A80A007E5755 /* TrendingItem.swift */,
			);
			path = Models;
			sourceTree = "<group>";
		};
		43CD52AA2B4EEB450073682B /* CustomModifiers */ = {
			isa = PBXGroup;
			children = (
				43CD52AB2B4EEB760073682B /* CustomModifiers.swift */,
			);
			path = CustomModifiers;
			sourceTree = "<group>";
		};
/* End PBXGroup section */

/* Begin PBXNativeTarget section */
		438DD86B2B23098E00641CDE /* NFTMarcetplace */ = {
			isa = PBXNativeTarget;
			buildConfigurationList = 438DD8902B23099100641CDE /* Build configuration list for PBXNativeTarget "NFTMarcetplace" */;
			buildPhases = (
				438DD8682B23098E00641CDE /* Sources */,
				438DD8692B23098E00641CDE /* Frameworks */,
				438DD86A2B23098E00641CDE /* Resources */,
				438DD8992B230CBB00641CDE /* ShellScript */,
			);
			buildRules = (
			);
			dependencies = (
			);
			name = NFTMarcetplace;
			productName = NFTMarcetplace;
			productReference = 438DD86C2B23098E00641CDE /* NFTMarcetplace.app */;
			productType = "com.apple.product-type.application";
		};
		438DD87B2B23099100641CDE /* NFTMarcetplaceTests */ = {
			isa = PBXNativeTarget;
			buildConfigurationList = 438DD8932B23099100641CDE /* Build configuration list for PBXNativeTarget "NFTMarcetplaceTests" */;
			buildPhases = (
				438DD8782B23099100641CDE /* Sources */,
				438DD8792B23099100641CDE /* Frameworks */,
				438DD87A2B23099100641CDE /* Resources */,
			);
			buildRules = (
			);
			dependencies = (
				438DD87E2B23099100641CDE /* PBXTargetDependency */,
			);
			name = NFTMarcetplaceTests;
			productName = NFTMarcetplaceTests;
			productReference = 438DD87C2B23099100641CDE /* NFTMarcetplaceTests.xctest */;
			productType = "com.apple.product-type.bundle.unit-test";
		};
		438DD8852B23099100641CDE /* NFTMarcetplaceUITests */ = {
			isa = PBXNativeTarget;
			buildConfigurationList = 438DD8962B23099100641CDE /* Build configuration list for PBXNativeTarget "NFTMarcetplaceUITests" */;
			buildPhases = (
				438DD8822B23099100641CDE /* Sources */,
				438DD8832B23099100641CDE /* Frameworks */,
				438DD8842B23099100641CDE /* Resources */,
			);
			buildRules = (
			);
			dependencies = (
				438DD8882B23099100641CDE /* PBXTargetDependency */,
			);
			name = NFTMarcetplaceUITests;
			productName = NFTMarcetplaceUITests;
			productReference = 438DD8862B23099100641CDE /* NFTMarcetplaceUITests.xctest */;
			productType = "com.apple.product-type.bundle.ui-testing";
		};
/* End PBXNativeTarget section */

/* Begin PBXProject section */
		438DD8642B23098E00641CDE /* Project object */ = {
			isa = PBXProject;
			attributes = {
				BuildIndependentTargetsInParallel = 1;
				LastSwiftUpdateCheck = 1430;
				LastUpgradeCheck = 1430;
				TargetAttributes = {
					438DD86B2B23098E00641CDE = {
						CreatedOnToolsVersion = 14.3.1;
					};
					438DD87B2B23099100641CDE = {
						CreatedOnToolsVersion = 14.3.1;
						TestTargetID = 438DD86B2B23098E00641CDE;
					};
					438DD8852B23099100641CDE = {
						CreatedOnToolsVersion = 14.3.1;
						TestTargetID = 438DD86B2B23098E00641CDE;
					};
				};
			};
			buildConfigurationList = 438DD8672B23098E00641CDE /* Build configuration list for PBXProject "NFTMarcetplace" */;
			compatibilityVersion = "Xcode 14.0";
			developmentRegion = en;
			hasScannedForEncodings = 0;
			knownRegions = (
				en,
				Base,
			);
			mainGroup = 438DD8632B23098E00641CDE;
			productRefGroup = 438DD86D2B23098E00641CDE /* Products */;
			projectDirPath = "";
			projectRoot = "";
			targets = (
				438DD86B2B23098E00641CDE /* NFTMarcetplace */,
				438DD87B2B23099100641CDE /* NFTMarcetplaceTests */,
				438DD8852B23099100641CDE /* NFTMarcetplaceUITests */,
			);
		};
/* End PBXProject section */

/* Begin PBXResourcesBuildPhase section */
		438DD86A2B23098E00641CDE /* Resources */ = {
			isa = PBXResourcesBuildPhase;
			buildActionMask = 2147483647;
			files = (
				438DD8772B23099000641CDE /* Preview Assets.xcassets in Resources */,
				438DD8742B23099000641CDE /* Assets.xcassets in Resources */,
			);
			runOnlyForDeploymentPostprocessing = 0;
		};
		438DD87A2B23099100641CDE /* Resources */ = {
			isa = PBXResourcesBuildPhase;
			buildActionMask = 2147483647;
			files = (
			);
			runOnlyForDeploymentPostprocessing = 0;
		};
		438DD8842B23099100641CDE /* Resources */ = {
			isa = PBXResourcesBuildPhase;
			buildActionMask = 2147483647;
			files = (
			);
			runOnlyForDeploymentPostprocessing = 0;
		};
/* End PBXResourcesBuildPhase section */

/* Begin PBXShellScriptBuildPhase section */
		438DD8992B230CBB00641CDE /* ShellScript */ = {
			isa = PBXShellScriptBuildPhase;
			alwaysOutOfDate = 1;
			buildActionMask = 2147483647;
			files = (
			);
			inputFileListPaths = (
			);
			inputPaths = (
			);
			outputFileListPaths = (
			);
			outputPaths = (
			);
			runOnlyForDeploymentPostprocessing = 0;
			shellPath = /bin/sh;
			shellScript = "export PATH=\"$PATH:/opt/homebrew/bin\"\nif which swiftlint > /dev/null; then\n  swiftlint\nelse\n  echo \"warning: SwiftLint not installed, download from https://github.com/realm/SwiftLint\"\nfi\n";
			showEnvVarsInLog = 0;
		};
/* End PBXShellScriptBuildPhase section */

/* Begin PBXSourcesBuildPhase section */
		438DD8682B23098E00641CDE /* Sources */ = {
			isa = PBXSourcesBuildPhase;
			buildActionMask = 2147483647;
			files = (
				435FCC9F2B4EA2950086A721 /* CardViewComponents.swift in Sources */,
				43CD52AC2B4EEB760073682B /* CustomModifiers.swift in Sources */,
				4395980D2B51E5430059BC8E /* CategoryDetails.swift in Sources */,
				435FCCA52B4EB1FD0086A721 /* Images.swift in Sources */,
				43CD52AE2B4EF5620073682B /* Buttons.swift in Sources */,
				435FCCA32B4EA95C0086A721 /* Colors.swift in Sources */,
				438DD8722B23098E00641CDE /* ContentView.swift in Sources */,
				43C6858C2B55A80A007E5755 /* TrendingItem.swift in Sources */,
				43ABFA812B4AD5B5009E22EE /* ButtonStyles.swift in Sources */,
				43ABFA832B4B0CBE009E22EE /* CardView.swift in Sources */,
				435FCCA12B4EA3740086A721 /* Constants.swift in Sources */,
				439334512B51514D0005A1DD /* HomeView.swift in Sources */,
				43C6858A2B559E9D007E5755 /* HorisontalGalleries.swift in Sources */,
				438DD89B2B23117700641CDE /* WelcomeView.swift in Sources */,
				438DD8702B23098E00641CDE /* NFTMarcetplaceApp.swift in Sources */,
				439334542B5152D20005A1DD /* Category.swift in Sources */,
			);
			runOnlyForDeploymentPostprocessing = 0;
		};
		438DD8782B23099100641CDE /* Sources */ = {
			isa = PBXSourcesBuildPhase;
			buildActionMask = 2147483647;
			files = (
				438DD8812B23099100641CDE /* NFTMarcetplaceTests.swift in Sources */,
			);
			runOnlyForDeploymentPostprocessing = 0;
		};
		438DD8822B23099100641CDE /* Sources */ = {
			isa = PBXSourcesBuildPhase;
			buildActionMask = 2147483647;
			files = (
				438DD88B2B23099100641CDE /* NFTMarcetplaceUITests.swift in Sources */,
				438DD88D2B23099100641CDE /* NFTMarcetplaceUITestsLaunchTests.swift in Sources */,
			);
			runOnlyForDeploymentPostprocessing = 0;
		};
/* End PBXSourcesBuildPhase section */

/* Begin PBXTargetDependency section */
		438DD87E2B23099100641CDE /* PBXTargetDependency */ = {
			isa = PBXTargetDependency;
			target = 438DD86B2B23098E00641CDE /* NFTMarcetplace */;
			targetProxy = 438DD87D2B23099100641CDE /* PBXContainerItemProxy */;
		};
		438DD8882B23099100641CDE /* PBXTargetDependency */ = {
			isa = PBXTargetDependency;
			target = 438DD86B2B23098E00641CDE /* NFTMarcetplace */;
			targetProxy = 438DD8872B23099100641CDE /* PBXContainerItemProxy */;
		};
/* End PBXTargetDependency section */

/* Begin XCBuildConfiguration section */
		438DD88E2B23099100641CDE /* Debug */ = {
			isa = XCBuildConfiguration;
			buildSettings = {
				ALWAYS_SEARCH_USER_PATHS = NO;
				CLANG_ANALYZER_NONNULL = YES;
				CLANG_ANALYZER_NUMBER_OBJECT_CONVERSION = YES_AGGRESSIVE;
				CLANG_CXX_LANGUAGE_STANDARD = "gnu++20";
				CLANG_ENABLE_MODULES = YES;
				CLANG_ENABLE_OBJC_ARC = YES;
				CLANG_ENABLE_OBJC_WEAK = YES;
				CLANG_WARN_BLOCK_CAPTURE_AUTORELEASING = YES;
				CLANG_WARN_BOOL_CONVERSION = YES;
				CLANG_WARN_COMMA = YES;
				CLANG_WARN_CONSTANT_CONVERSION = YES;
				CLANG_WARN_DEPRECATED_OBJC_IMPLEMENTATIONS = YES;
				CLANG_WARN_DIRECT_OBJC_ISA_USAGE = YES_ERROR;
				CLANG_WARN_DOCUMENTATION_COMMENTS = YES;
				CLANG_WARN_EMPTY_BODY = YES;
				CLANG_WARN_ENUM_CONVERSION = YES;
				CLANG_WARN_INFINITE_RECURSION = YES;
				CLANG_WARN_INT_CONVERSION = YES;
				CLANG_WARN_NON_LITERAL_NULL_CONVERSION = YES;
				CLANG_WARN_OBJC_IMPLICIT_RETAIN_SELF = YES;
				CLANG_WARN_OBJC_LITERAL_CONVERSION = YES;
				CLANG_WARN_OBJC_ROOT_CLASS = YES_ERROR;
				CLANG_WARN_QUOTED_INCLUDE_IN_FRAMEWORK_HEADER = YES;
				CLANG_WARN_RANGE_LOOP_ANALYSIS = YES;
				CLANG_WARN_STRICT_PROTOTYPES = YES;
				CLANG_WARN_SUSPICIOUS_MOVE = YES;
				CLANG_WARN_UNGUARDED_AVAILABILITY = YES_AGGRESSIVE;
				CLANG_WARN_UNREACHABLE_CODE = YES;
				CLANG_WARN__DUPLICATE_METHOD_MATCH = YES;
				COPY_PHASE_STRIP = NO;
				DEBUG_INFORMATION_FORMAT = dwarf;
				ENABLE_STRICT_OBJC_MSGSEND = YES;
				ENABLE_TESTABILITY = YES;
				GCC_C_LANGUAGE_STANDARD = gnu11;
				GCC_DYNAMIC_NO_PIC = NO;
				GCC_NO_COMMON_BLOCKS = YES;
				GCC_OPTIMIZATION_LEVEL = 0;
				GCC_PREPROCESSOR_DEFINITIONS = (
					"DEBUG=1",
					"$(inherited)",
				);
				GCC_WARN_64_TO_32_BIT_CONVERSION = YES;
				GCC_WARN_ABOUT_RETURN_TYPE = YES_ERROR;
				GCC_WARN_UNDECLARED_SELECTOR = YES;
				GCC_WARN_UNINITIALIZED_AUTOS = YES_AGGRESSIVE;
				GCC_WARN_UNUSED_FUNCTION = YES;
				GCC_WARN_UNUSED_VARIABLE = YES;
				IPHONEOS_DEPLOYMENT_TARGET = 16.4;
				MTL_ENABLE_DEBUG_INFO = INCLUDE_SOURCE;
				MTL_FAST_MATH = YES;
				ONLY_ACTIVE_ARCH = YES;
				SDKROOT = iphoneos;
				SWIFT_ACTIVE_COMPILATION_CONDITIONS = DEBUG;
				SWIFT_OPTIMIZATION_LEVEL = "-Onone";
			};
			name = Debug;
		};
		438DD88F2B23099100641CDE /* Release */ = {
			isa = XCBuildConfiguration;
			buildSettings = {
				ALWAYS_SEARCH_USER_PATHS = NO;
				CLANG_ANALYZER_NONNULL = YES;
				CLANG_ANALYZER_NUMBER_OBJECT_CONVERSION = YES_AGGRESSIVE;
				CLANG_CXX_LANGUAGE_STANDARD = "gnu++20";
				CLANG_ENABLE_MODULES = YES;
				CLANG_ENABLE_OBJC_ARC = YES;
				CLANG_ENABLE_OBJC_WEAK = YES;
				CLANG_WARN_BLOCK_CAPTURE_AUTORELEASING = YES;
				CLANG_WARN_BOOL_CONVERSION = YES;
				CLANG_WARN_COMMA = YES;
				CLANG_WARN_CONSTANT_CONVERSION = YES;
				CLANG_WARN_DEPRECATED_OBJC_IMPLEMENTATIONS = YES;
				CLANG_WARN_DIRECT_OBJC_ISA_USAGE = YES_ERROR;
				CLANG_WARN_DOCUMENTATION_COMMENTS = YES;
				CLANG_WARN_EMPTY_BODY = YES;
				CLANG_WARN_ENUM_CONVERSION = YES;
				CLANG_WARN_INFINITE_RECURSION = YES;
				CLANG_WARN_INT_CONVERSION = YES;
				CLANG_WARN_NON_LITERAL_NULL_CONVERSION = YES;
				CLANG_WARN_OBJC_IMPLICIT_RETAIN_SELF = YES;
				CLANG_WARN_OBJC_LITERAL_CONVERSION = YES;
				CLANG_WARN_OBJC_ROOT_CLASS = YES_ERROR;
				CLANG_WARN_QUOTED_INCLUDE_IN_FRAMEWORK_HEADER = YES;
				CLANG_WARN_RANGE_LOOP_ANALYSIS = YES;
				CLANG_WARN_STRICT_PROTOTYPES = YES;
				CLANG_WARN_SUSPICIOUS_MOVE = YES;
				CLANG_WARN_UNGUARDED_AVAILABILITY = YES_AGGRESSIVE;
				CLANG_WARN_UNREACHABLE_CODE = YES;
				CLANG_WARN__DUPLICATE_METHOD_MATCH = YES;
				COPY_PHASE_STRIP = NO;
				DEBUG_INFORMATION_FORMAT = "dwarf-with-dsym";
				ENABLE_NS_ASSERTIONS = NO;
				ENABLE_STRICT_OBJC_MSGSEND = YES;
				GCC_C_LANGUAGE_STANDARD = gnu11;
				GCC_NO_COMMON_BLOCKS = YES;
				GCC_WARN_64_TO_32_BIT_CONVERSION = YES;
				GCC_WARN_ABOUT_RETURN_TYPE = YES_ERROR;
				GCC_WARN_UNDECLARED_SELECTOR = YES;
				GCC_WARN_UNINITIALIZED_AUTOS = YES_AGGRESSIVE;
				GCC_WARN_UNUSED_FUNCTION = YES;
				GCC_WARN_UNUSED_VARIABLE = YES;
				IPHONEOS_DEPLOYMENT_TARGET = 16.4;
				MTL_ENABLE_DEBUG_INFO = NO;
				MTL_FAST_MATH = YES;
				SDKROOT = iphoneos;
				SWIFT_COMPILATION_MODE = wholemodule;
				SWIFT_OPTIMIZATION_LEVEL = "-O";
				VALIDATE_PRODUCT = YES;
			};
			name = Release;
		};
		438DD8912B23099100641CDE /* Debug */ = {
			isa = XCBuildConfiguration;
			buildSettings = {
				ASSETCATALOG_COMPILER_APPICON_NAME = AppIcon;
				ASSETCATALOG_COMPILER_GLOBAL_ACCENT_COLOR_NAME = AccentColor;
				CODE_SIGN_STYLE = Automatic;
				CURRENT_PROJECT_VERSION = 1;
				DEVELOPMENT_ASSET_PATHS = "\"NFTMarcetplace/Preview Content\"";
				DEVELOPMENT_TEAM = DCG2UQ5UHU;
				ENABLE_PREVIEWS = YES;
				GENERATE_INFOPLIST_FILE = YES;
				INFOPLIST_KEY_UIApplicationSceneManifest_Generation = YES;
				INFOPLIST_KEY_UIApplicationSupportsIndirectInputEvents = YES;
				INFOPLIST_KEY_UILaunchScreen_Generation = YES;
				INFOPLIST_KEY_UIStatusBarStyle = "";
				INFOPLIST_KEY_UISupportedInterfaceOrientations_iPad = "UIInterfaceOrientationPortrait UIInterfaceOrientationPortraitUpsideDown UIInterfaceOrientationLandscapeLeft UIInterfaceOrientationLandscapeRight";
				INFOPLIST_KEY_UISupportedInterfaceOrientations_iPhone = "UIInterfaceOrientationPortrait UIInterfaceOrientationLandscapeLeft UIInterfaceOrientationLandscapeRight";
				LD_RUNPATH_SEARCH_PATHS = (
					"$(inherited)",
					"@executable_path/Frameworks",
				);
				MARKETING_VERSION = 1.0;
				PRODUCT_BUNDLE_IDENTIFIER = DaryaLyubina.NFTMarcetplace;
				PRODUCT_NAME = "$(TARGET_NAME)";
				SWIFT_EMIT_LOC_STRINGS = YES;
				SWIFT_VERSION = 5.0;
				TARGETED_DEVICE_FAMILY = "1,2";
			};
			name = Debug;
		};
		438DD8922B23099100641CDE /* Release */ = {
			isa = XCBuildConfiguration;
			buildSettings = {
				ASSETCATALOG_COMPILER_APPICON_NAME = AppIcon;
				ASSETCATALOG_COMPILER_GLOBAL_ACCENT_COLOR_NAME = AccentColor;
				CODE_SIGN_STYLE = Automatic;
				CURRENT_PROJECT_VERSION = 1;
				DEVELOPMENT_ASSET_PATHS = "\"NFTMarcetplace/Preview Content\"";
				DEVELOPMENT_TEAM = DCG2UQ5UHU;
				ENABLE_PREVIEWS = YES;
				GENERATE_INFOPLIST_FILE = YES;
				INFOPLIST_KEY_UIApplicationSceneManifest_Generation = YES;
				INFOPLIST_KEY_UIApplicationSupportsIndirectInputEvents = YES;
				INFOPLIST_KEY_UILaunchScreen_Generation = YES;
				INFOPLIST_KEY_UIStatusBarStyle = "";
				INFOPLIST_KEY_UISupportedInterfaceOrientations_iPad = "UIInterfaceOrientationPortrait UIInterfaceOrientationPortraitUpsideDown UIInterfaceOrientationLandscapeLeft UIInterfaceOrientationLandscapeRight";
				INFOPLIST_KEY_UISupportedInterfaceOrientations_iPhone = "UIInterfaceOrientationPortrait UIInterfaceOrientationLandscapeLeft UIInterfaceOrientationLandscapeRight";
				LD_RUNPATH_SEARCH_PATHS = (
					"$(inherited)",
					"@executable_path/Frameworks",
				);
				MARKETING_VERSION = 1.0;
				PRODUCT_BUNDLE_IDENTIFIER = DaryaLyubina.NFTMarcetplace;
				PRODUCT_NAME = "$(TARGET_NAME)";
				SWIFT_EMIT_LOC_STRINGS = YES;
				SWIFT_VERSION = 5.0;
				TARGETED_DEVICE_FAMILY = "1,2";
			};
			name = Release;
		};
		438DD8942B23099100641CDE /* Debug */ = {
			isa = XCBuildConfiguration;
			buildSettings = {
				ALWAYS_EMBED_SWIFT_STANDARD_LIBRARIES = YES;
				BUNDLE_LOADER = "$(TEST_HOST)";
				CODE_SIGN_STYLE = Automatic;
				CURRENT_PROJECT_VERSION = 1;
				DEVELOPMENT_TEAM = DCG2UQ5UHU;
				GENERATE_INFOPLIST_FILE = YES;
				IPHONEOS_DEPLOYMENT_TARGET = 16.4;
				MARKETING_VERSION = 1.0;
				PRODUCT_BUNDLE_IDENTIFIER = DaryaLyubina.NFTMarcetplaceTests;
				PRODUCT_NAME = "$(TARGET_NAME)";
				SWIFT_EMIT_LOC_STRINGS = NO;
				SWIFT_VERSION = 5.0;
				TARGETED_DEVICE_FAMILY = "1,2";
				TEST_HOST = "$(BUILT_PRODUCTS_DIR)/NFTMarcetplace.app/$(BUNDLE_EXECUTABLE_FOLDER_PATH)/NFTMarcetplace";
			};
			name = Debug;
		};
		438DD8952B23099100641CDE /* Release */ = {
			isa = XCBuildConfiguration;
			buildSettings = {
				ALWAYS_EMBED_SWIFT_STANDARD_LIBRARIES = YES;
				BUNDLE_LOADER = "$(TEST_HOST)";
				CODE_SIGN_STYLE = Automatic;
				CURRENT_PROJECT_VERSION = 1;
				DEVELOPMENT_TEAM = DCG2UQ5UHU;
				GENERATE_INFOPLIST_FILE = YES;
				IPHONEOS_DEPLOYMENT_TARGET = 16.4;
				MARKETING_VERSION = 1.0;
				PRODUCT_BUNDLE_IDENTIFIER = DaryaLyubina.NFTMarcetplaceTests;
				PRODUCT_NAME = "$(TARGET_NAME)";
				SWIFT_EMIT_LOC_STRINGS = NO;
				SWIFT_VERSION = 5.0;
				TARGETED_DEVICE_FAMILY = "1,2";
				TEST_HOST = "$(BUILT_PRODUCTS_DIR)/NFTMarcetplace.app/$(BUNDLE_EXECUTABLE_FOLDER_PATH)/NFTMarcetplace";
			};
			name = Release;
		};
		438DD8972B23099100641CDE /* Debug */ = {
			isa = XCBuildConfiguration;
			buildSettings = {
				ALWAYS_EMBED_SWIFT_STANDARD_LIBRARIES = YES;
				CODE_SIGN_STYLE = Automatic;
				CURRENT_PROJECT_VERSION = 1;
				DEVELOPMENT_TEAM = DCG2UQ5UHU;
				GENERATE_INFOPLIST_FILE = YES;
				MARKETING_VERSION = 1.0;
				PRODUCT_BUNDLE_IDENTIFIER = DaryaLyubina.NFTMarcetplaceUITests;
				PRODUCT_NAME = "$(TARGET_NAME)";
				SWIFT_EMIT_LOC_STRINGS = NO;
				SWIFT_VERSION = 5.0;
				TARGETED_DEVICE_FAMILY = "1,2";
				TEST_TARGET_NAME = NFTMarcetplace;
			};
			name = Debug;
		};
		438DD8982B23099100641CDE /* Release */ = {
			isa = XCBuildConfiguration;
			buildSettings = {
				ALWAYS_EMBED_SWIFT_STANDARD_LIBRARIES = YES;
				CODE_SIGN_STYLE = Automatic;
				CURRENT_PROJECT_VERSION = 1;
				DEVELOPMENT_TEAM = DCG2UQ5UHU;
				GENERATE_INFOPLIST_FILE = YES;
				MARKETING_VERSION = 1.0;
				PRODUCT_BUNDLE_IDENTIFIER = DaryaLyubina.NFTMarcetplaceUITests;
				PRODUCT_NAME = "$(TARGET_NAME)";
				SWIFT_EMIT_LOC_STRINGS = NO;
				SWIFT_VERSION = 5.0;
				TARGETED_DEVICE_FAMILY = "1,2";
				TEST_TARGET_NAME = NFTMarcetplace;
			};
			name = Release;
		};
/* End XCBuildConfiguration section */

/* Begin XCConfigurationList section */
		438DD8672B23098E00641CDE /* Build configuration list for PBXProject "NFTMarcetplace" */ = {
			isa = XCConfigurationList;
			buildConfigurations = (
				438DD88E2B23099100641CDE /* Debug */,
				438DD88F2B23099100641CDE /* Release */,
			);
			defaultConfigurationIsVisible = 0;
			defaultConfigurationName = Release;
		};
		438DD8902B23099100641CDE /* Build configuration list for PBXNativeTarget "NFTMarcetplace" */ = {
			isa = XCConfigurationList;
			buildConfigurations = (
				438DD8912B23099100641CDE /* Debug */,
				438DD8922B23099100641CDE /* Release */,
			);
			defaultConfigurationIsVisible = 0;
			defaultConfigurationName = Release;
		};
		438DD8932B23099100641CDE /* Build configuration list for PBXNativeTarget "NFTMarcetplaceTests" */ = {
			isa = XCConfigurationList;
			buildConfigurations = (
				438DD8942B23099100641CDE /* Debug */,
				438DD8952B23099100641CDE /* Release */,
			);
			defaultConfigurationIsVisible = 0;
			defaultConfigurationName = Release;
		};
		438DD8962B23099100641CDE /* Build configuration list for PBXNativeTarget "NFTMarcetplaceUITests" */ = {
			isa = XCConfigurationList;
			buildConfigurations = (
				438DD8972B23099100641CDE /* Debug */,
				438DD8982B23099100641CDE /* Release */,
			);
			defaultConfigurationIsVisible = 0;
			defaultConfigurationName = Release;
		};
/* End XCConfigurationList section */
	};
	rootObject = 438DD8642B23098E00641CDE /* Project object */;
}
